
Microsoft Visual Studio Solution File, Format Version 15.00
# Visual Studio 14
VisualStudioVersion = 14.0.25420.1
MinimumVisualStudioVersion = 10.0.40219.1
Project("{FAE04EC0-301F-11D3-BF4B-00C04F79EFBC}") = "Pillar", "Pillar\Pillar.csproj", "{67F9D3A8-F71E-4428-913F-C37AE82CDB24}"
EndProject
Project("{FAE04EC0-301F-11D3-BF4B-00C04F79EFBC}") = "Pillar.Tests", "..\tests\Pillar.Tests\Pillar.Tests.csproj", "{D810D319-C22B-41D1-9EAA-BA531A8720D6}"
EndProject
Project("{FAE04EC0-301F-11D3-BF4B-00C04F79EFBC}") = "Pillar.Ioc", "Pillar.Ioc\Pillar.Ioc.csproj", "{299B5C81-D0F7-4F87-8DA7-05557D4AAE23}"
EndProject
Global
	GlobalSection(SolutionConfigurationPlatforms) = preSolution
		Debug|Any CPU = Debug|Any CPU
		Release|Any CPU = Release|Any CPU
	EndGlobalSection
	GlobalSection(ProjectConfigurationPlatforms) = postSolution
		{67F9D3A8-F71E-4428-913F-C37AE82CDB24}.Debug|Any CPU.ActiveCfg = Debug|Any CPU
		{67F9D3A8-F71E-4428-913F-C37AE82CDB24}.Debug|Any CPU.Build.0 = Debug|Any CPU
		{67F9D3A8-F71E-4428-913F-C37AE82CDB24}.Release|Any CPU.ActiveCfg = Release|Any CPU
		{67F9D3A8-F71E-4428-913F-C37AE82CDB24}.Release|Any CPU.Build.0 = Release|Any CPU
		{D810D319-C22B-41D1-9EAA-BA531A8720D6}.Debug|Any CPU.ActiveCfg = Debug|Any CPU
		{D810D319-C22B-41D1-9EAA-BA531A8720D6}.Debug|Any CPU.Build.0 = Debug|Any CPU
		{D810D319-C22B-41D1-9EAA-BA531A8720D6}.Release|Any CPU.ActiveCfg = Release|Any CPU
		{D810D319-C22B-41D1-9EAA-BA531A8720D6}.Release|Any CPU.Build.0 = Release|Any CPU
		{299B5C81-D0F7-4F87-8DA7-05557D4AAE23}.Debug|Any CPU.ActiveCfg = Debug|Any CPU
		{299B5C81-D0F7-4F87-8DA7-05557D4AAE23}.Debug|Any CPU.Build.0 = Debug|Any CPU
		{299B5C81-D0F7-4F87-8DA7-05557D4AAE23}.Release|Any CPU.ActiveCfg = Release|Any CPU
		{299B5C81-D0F7-4F87-8DA7-05557D4AAE23}.Release|Any CPU.Build.0 = Release|Any CPU
	EndGlobalSection
	GlobalSection(SolutionProperties) = preSolution
		HideSolutionNode = FALSE
	EndGlobalSection
EndGlobal
