
Microsoft Visual Studio Solution File, Format Version 12.00
# Visual Studio 2012
Project("{FAE04EC0-301F-11D3-BF4B-00C04F79EFBC}") = "Pillar.Ioc", "Pillar.Ioc\Pillar.Ioc.csproj", "{AF12E4AA-E667-4896-A0E8-696D4EE71A4A}"
EndProject
Project("{FAE04EC0-301F-11D3-BF4B-00C04F79EFBC}") = "Pillar", "Pillar\Pillar.csproj", "{05A27AA7-19B6-403C-82EA-F642C0340621}"
EndProject
Global
	GlobalSection(SolutionConfigurationPlatforms) = preSolution
		Debug|Any CPU = Debug|Any CPU
		Release|Any CPU = Release|Any CPU
	EndGlobalSection
	GlobalSection(ProjectConfigurationPlatforms) = postSolution
		{AF12E4AA-E667-4896-A0E8-696D4EE71A4A}.Debug|Any CPU.ActiveCfg = Debug|Any CPU
		{AF12E4AA-E667-4896-A0E8-696D4EE71A4A}.Debug|Any CPU.Build.0 = Debug|Any CPU
		{AF12E4AA-E667-4896-A0E8-696D4EE71A4A}.Release|Any CPU.ActiveCfg = Release|Any CPU
		{AF12E4AA-E667-4896-A0E8-696D4EE71A4A}.Release|Any CPU.Build.0 = Release|Any CPU
		{05A27AA7-19B6-403C-82EA-F642C0340621}.Debug|Any CPU.ActiveCfg = Debug|Any CPU
		{05A27AA7-19B6-403C-82EA-F642C0340621}.Debug|Any CPU.Build.0 = Debug|Any CPU
		{05A27AA7-19B6-403C-82EA-F642C0340621}.Release|Any CPU.ActiveCfg = Release|Any CPU
		{05A27AA7-19B6-403C-82EA-F642C0340621}.Release|Any CPU.Build.0 = Release|Any CPU
	EndGlobalSection
EndGlobal
